# This file was autogenerated by Stack.
# You should not edit this file by hand.
# For more information, please see the documentation at:
#   https://docs.haskellstack.org/en/stable/lock_files

packages:
- completed:
    hackage: todo-0.2.0.2@sha256:a80b711db67d000ac929d35bcecfe3d22b5e3231f958bcf61cb447ba03e18ad4,722
    pantry-tree:
      size: 253
      sha256: 517cf2e9d8c0a21d0244902e378ab1e09203ad57b3f12fd7167c78e40fad1a65
  original:
    hackage: todo-0.2.0.2
- completed:
    cabal-file:
      size: 1744
      sha256: c1f819730aa036865b81de96690423ed73a27005c15958a454bd6460d6e07060
    name: reggie
    version: 0.1.0.0
    git: https://gitlab.com/nyson/reggie.git
    pantry-tree:
      size: 1060
      sha256: eee47abd24c58bf833bb75d0c3cf490269f6dcebc3e3ca54745a0f918e74e93c
    commit: 03ebd6915b0f9a4ab47714de8a9a6ea40d090984
  original:
    git: https://gitlab.com/nyson/reggie.git
    commit: 03ebd6915b0f9a4ab47714de8a9a6ea40d090984
snapshots:
- completed:
    size: 524162
    url: https://raw.githubusercontent.com/commercialhaskell/stackage-snapshots/master/lts/14/21.yaml
    sha256: 9a55dd75853718f2bbbe951872b36a3b7802fcd71796e0f25b8664f24e34c666
  original: lts-14.21
