# This file was autogenerated by Stack.
# You should not edit this file by hand.
# For more information, please see the documentation at:
#   https://docs.haskellstack.org/en/stable/lock_files

packages:
- completed:
    hackage: todo-0.2.0.3@sha256:87db5ccfc8294a44190398ad760c277cb7a3d666f7be34b407f879eba14eb803,752
    pantry-tree:
      sha256: 39a5b9251293f7564c884482764c6bbcfa56c0ee11c076beafcb979d79805911
      size: 253
  original:
    hackage: todo-0.2.0.3
- completed:
    commit: a5476dcfaca0e19128a43ae7acb4647b6fd37167
    git: https://gitlab.com/nyson/reggie.git
    name: reggie
    pantry-tree:
      sha256: ada05d8fb9b16e3693cc4655b2cbf40cb16e917feaaa5aab66a400d869cafdd6
      size: 1060
    version: 0.1.0.0
  original:
    commit: a5476dcfaca0e19128a43ae7acb4647b6fd37167
    git: https://gitlab.com/nyson/reggie.git
snapshots:
- completed:
    sha256: 03cec7d96ed78877b03b5c2bc5e31015b47f69af2fe6a62d994a42b7a43c5805
    size: 648659
    url: https://raw.githubusercontent.com/commercialhaskell/stackage-snapshots/master/lts/20/3.yaml
  original: lts-20.3
